
Microsoft Visual Studio Solution File, Format Version 12.00
# Visual Studio Version 17
VisualStudioVersion = 17.10.34916.146
MinimumVisualStudioVersion = 10.0.40219.1
Project("{FAE04EC0-301F-11D3-BF4B-00C04F79EFBC}") = "EncryptFiles", "FunctionApp1\EncryptFiles.csproj", "{C6E0DDCD-5247-4B37-9BDD-CAD7842ECE73}"
EndProject
Global
	GlobalSection(SolutionConfigurationPlatforms) = preSolution
		Debug|Any CPU = Debug|Any CPU
		Release|Any CPU = Release|Any CPU
	EndGlobalSection
	GlobalSection(ProjectConfigurationPlatforms) = postSolution
		{C6E0DDCD-5247-4B37-9BDD-CAD7842ECE73}.Debug|Any CPU.ActiveCfg = Debug|Any CPU
		{C6E0DDCD-5247-4B37-9BDD-CAD7842ECE73}.Debug|Any CPU.Build.0 = Debug|Any CPU
		{C6E0DDCD-5247-4B37-9BDD-CAD7842ECE73}.Release|Any CPU.ActiveCfg = Release|Any CPU
		{C6E0DDCD-5247-4B37-9BDD-CAD7842ECE73}.Release|Any CPU.Build.0 = Release|Any CPU
	EndGlobalSection
	GlobalSection(SolutionProperties) = preSolution
		HideSolutionNode = FALSE
	EndGlobalSection
	GlobalSection(ExtensibilityGlobals) = postSolution
		SolutionGuid = {FBE07D4B-3349-4511-8F70-83A6ED81642A}
	EndGlobalSection
EndGlobal
